
Microsoft Visual Studio Solution File, Format Version 12.00
# Visual Studio Version 16
VisualStudioVersion = 16.0.31424.327
MinimumVisualStudioVersion = 10.0.40219.1
Project("{FAE04EC0-301F-11D3-BF4B-00C04F79EFBC}") = "newrelic-dotnet-documentdb-core", "newrelic-dotnet-documentdb-core.csproj", "{DAA1B13C-ACD0-4215-A9F4-144E8C138946}"
EndProject
Global
	GlobalSection(SolutionConfigurationPlatforms) = preSolution
		Debug|Any CPU = Debug|Any CPU
		Release|Any CPU = Release|Any CPU
	EndGlobalSection
	GlobalSection(ProjectConfigurationPlatforms) = postSolution
		{DAA1B13C-ACD0-4215-A9F4-144E8C138946}.Debug|Any CPU.ActiveCfg = Debug|Any CPU
		{DAA1B13C-ACD0-4215-A9F4-144E8C138946}.Debug|Any CPU.Build.0 = Debug|Any CPU
		{DAA1B13C-ACD0-4215-A9F4-144E8C138946}.Release|Any CPU.ActiveCfg = Release|Any CPU
		{DAA1B13C-ACD0-4215-A9F4-144E8C138946}.Release|Any CPU.Build.0 = Release|Any CPU
	EndGlobalSection
	GlobalSection(SolutionProperties) = preSolution
		HideSolutionNode = FALSE
	EndGlobalSection
	GlobalSection(ExtensibilityGlobals) = postSolution
		SolutionGuid = {F7D01D5D-65E0-4437-B77E-16BFF0BA777C}
	EndGlobalSection
EndGlobal
